
Microsoft Visual Studio Solution File, Format Version 12.00
# Visual Studio 15
VisualStudioVersion = 15.0.28307.106
MinimumVisualStudioVersion = 10.0.40219.1
Project("{FAE04EC0-301F-11D3-BF4B-00C04F79EFBC}") = "Teste_MDI_INDUSTRIAL.Android", "Teste_MDI_INDUSTRIAL\Teste_MDI_INDUSTRIAL.Android\Teste_MDI_INDUSTRIAL.Android.csproj", "{4084E889-5D31-49B2-BF57-17D92DFCBB07}"
EndProject
Project("{FAE04EC0-301F-11D3-BF4B-00C04F79EFBC}") = "Teste_MDI_INDUSTRIAL", "Teste_MDI_INDUSTRIAL\Teste_MDI_INDUSTRIAL\Teste_MDI_INDUSTRIAL.csproj", "{E9B103E4-0F6E-42A0-B9CF-5AA5F5780F6A}"
EndProject
Global
	GlobalSection(SolutionConfigurationPlatforms) = preSolution
		Debug|Any CPU = Debug|Any CPU
		Release|Any CPU = Release|Any CPU
	EndGlobalSection
	GlobalSection(ProjectConfigurationPlatforms) = postSolution
		{4084E889-5D31-49B2-BF57-17D92DFCBB07}.Debug|Any CPU.ActiveCfg = Debug|Any CPU
		{4084E889-5D31-49B2-BF57-17D92DFCBB07}.Debug|Any CPU.Build.0 = Debug|Any CPU
		{4084E889-5D31-49B2-BF57-17D92DFCBB07}.Debug|Any CPU.Deploy.0 = Debug|Any CPU
		{4084E889-5D31-49B2-BF57-17D92DFCBB07}.Release|Any CPU.ActiveCfg = Release|Any CPU
		{4084E889-5D31-49B2-BF57-17D92DFCBB07}.Release|Any CPU.Build.0 = Release|Any CPU
		{4084E889-5D31-49B2-BF57-17D92DFCBB07}.Release|Any CPU.Deploy.0 = Release|Any CPU
		{E9B103E4-0F6E-42A0-B9CF-5AA5F5780F6A}.Debug|Any CPU.ActiveCfg = Debug|Any CPU
		{E9B103E4-0F6E-42A0-B9CF-5AA5F5780F6A}.Debug|Any CPU.Build.0 = Debug|Any CPU
		{E9B103E4-0F6E-42A0-B9CF-5AA5F5780F6A}.Debug|Any CPU.Deploy.0 = Debug|Any CPU
		{E9B103E4-0F6E-42A0-B9CF-5AA5F5780F6A}.Release|Any CPU.ActiveCfg = Release|Any CPU
		{E9B103E4-0F6E-42A0-B9CF-5AA5F5780F6A}.Release|Any CPU.Build.0 = Release|Any CPU
		{E9B103E4-0F6E-42A0-B9CF-5AA5F5780F6A}.Release|Any CPU.Deploy.0 = Release|Any CPU
	EndGlobalSection
	GlobalSection(SolutionProperties) = preSolution
		HideSolutionNode = FALSE
	EndGlobalSection
	GlobalSection(ExtensibilityGlobals) = postSolution
		SolutionGuid = {C09520D0-1FD8-4B13-84D7-1BD5F8FAA5F8}
	EndGlobalSection
EndGlobal
